
Microsoft Visual Studio Solution File, Format Version 12.00
Project("{FAE04EC0-301F-11D3-BF4B-00C04F79EFBC}") = "KafkaProducerApp", "KafkaProducerApp\KafkaProducerApp.csproj", "{66D5CF25-66D9-428D-8699-F77B5A34BB07}"
EndProject
Project("{FAE04EC0-301F-11D3-BF4B-00C04F79EFBC}") = "KafkaConsumerApp", "KafkaConsumerApp\KafkaConsumerApp.csproj", "{8ECCDA1E-3656-4366-BC1C-3679D1E5F016}"
EndProject
Global
	GlobalSection(SolutionConfigurationPlatforms) = preSolution
		Debug|Any CPU = Debug|Any CPU
		Release|Any CPU = Release|Any CPU
	EndGlobalSection
	GlobalSection(ProjectConfigurationPlatforms) = postSolution
		{66D5CF25-66D9-428D-8699-F77B5A34BB07}.Debug|Any CPU.ActiveCfg = Debug|Any CPU
		{66D5CF25-66D9-428D-8699-F77B5A34BB07}.Debug|Any CPU.Build.0 = Debug|Any CPU
		{66D5CF25-66D9-428D-8699-F77B5A34BB07}.Release|Any CPU.ActiveCfg = Release|Any CPU
		{66D5CF25-66D9-428D-8699-F77B5A34BB07}.Release|Any CPU.Build.0 = Release|Any CPU
		{8ECCDA1E-3656-4366-BC1C-3679D1E5F016}.Debug|Any CPU.ActiveCfg = Debug|Any CPU
		{8ECCDA1E-3656-4366-BC1C-3679D1E5F016}.Debug|Any CPU.Build.0 = Debug|Any CPU
		{8ECCDA1E-3656-4366-BC1C-3679D1E5F016}.Release|Any CPU.ActiveCfg = Release|Any CPU
		{8ECCDA1E-3656-4366-BC1C-3679D1E5F016}.Release|Any CPU.Build.0 = Release|Any CPU
	EndGlobalSection
EndGlobal
